
Microsoft Visual Studio Solution File, Format Version 12.00
# Visual Studio Version 16
VisualStudioVersion = 16.0.31005.135
MinimumVisualStudioVersion = 10.0.40219.1
Project("{FAE04EC0-301F-11D3-BF4B-00C04F79EFBC}") = "OverervingExamples", "OverervingExamples\OverervingExamples.csproj", "{EE237D8A-461B-4843-95B7-B2BCD48DD218}"
EndProject
Global
	GlobalSection(SolutionConfigurationPlatforms) = preSolution
		Debug|Any CPU = Debug|Any CPU
		Release|Any CPU = Release|Any CPU
	EndGlobalSection
	GlobalSection(ProjectConfigurationPlatforms) = postSolution
		{EE237D8A-461B-4843-95B7-B2BCD48DD218}.Debug|Any CPU.ActiveCfg = Debug|Any CPU
		{EE237D8A-461B-4843-95B7-B2BCD48DD218}.Debug|Any CPU.Build.0 = Debug|Any CPU
		{EE237D8A-461B-4843-95B7-B2BCD48DD218}.Release|Any CPU.ActiveCfg = Release|Any CPU
		{EE237D8A-461B-4843-95B7-B2BCD48DD218}.Release|Any CPU.Build.0 = Release|Any CPU
	EndGlobalSection
	GlobalSection(SolutionProperties) = preSolution
		HideSolutionNode = FALSE
	EndGlobalSection
	GlobalSection(ExtensibilityGlobals) = postSolution
		SolutionGuid = {908916C2-6528-4D40-9423-B0C513BBA729}
	EndGlobalSection
EndGlobal
